
Microsoft Visual Studio Solution File, Format Version 12.00
# Visual Studio Version 17
VisualStudioVersion = 17.13.35825.156
MinimumVisualStudioVersion = 10.0.40219.1
Project("{2150E333-8FDC-42A3-9474-1A3956D46DE8}") = "Chapter01", "Chapter01", "{DDB4EF12-CC4E-5E88-E6FC-71A802F4DE97}"
EndProject
Project("{FAE04EC0-301F-11D3-BF4B-00C04F79EFBC}") = "ProductSample", "Chapter01\ProductSample\ProductSample.csproj", "{08EB4F9E-70DE-4770-8FA0-664AA850C61D}"
EndProject
Project("{2150E333-8FDC-42A3-9474-1A3956D46DE8}") = "Chapter02", "Chapter02", "{AADD6DF4-8C4F-4EDD-83D9-125F664771D4}"
EndProject
Project("{FAE04EC0-301F-11D3-BF4B-00C04F79EFBC}") = "DistanceConverter", "Chapter02\DistanceConverter\DistanceConverter.csproj", "{5BCAA809-85F2-4EB1-9F14-9FFF71E93E33}"
EndProject
Project("{2150E333-8FDC-42A3-9474-1A3956D46DE8}") = "演習問題", "演習問題", "{399F5D2D-C25F-4627-A52D-C0EBF982DACB}"
EndProject
Project("{FAE04EC0-301F-11D3-BF4B-00C04F79EFBC}") = "Exercise02", "Chapter02\演習問題\Exercise02\Exercise02.csproj", "{B9B37F69-B163-480B-A556-1C8DCF0D7C78}"
EndProject
Project("{2150E333-8FDC-42A3-9474-1A3956D46DE8}") = "距離換算プログラム", "距離換算プログラム", "{8634FA63-4E55-4584-AE4C-00CC81986FD9}"
EndProject
Project("{2150E333-8FDC-42A3-9474-1A3956D46DE8}") = "FormApps", "FormApps", "{11DBD4E5-79F2-4D67-BD58-1632EA17F411}"
EndProject
Project("{FAE04EC0-301F-11D3-BF4B-00C04F79EFBC}") = "UnitConverter", "FormApps\UnitConverter\UnitConverter.csproj", "{55DF7505-CCCF-4CC1-B8F3-2FF78976770E}"
EndProject
Project("{FAE04EC0-301F-11D3-BF4B-00C04F79EFBC}") = "StopWatch", "FormApps\StopWatch\StopWatch.csproj", "{CE0C9693-6732-45C3-93CC-2EBFBEAC1DBF}"
EndProject
Global
	GlobalSection(SolutionConfigurationPlatforms) = preSolution
		Debug|Any CPU = Debug|Any CPU
		Release|Any CPU = Release|Any CPU
	EndGlobalSection
	GlobalSection(ProjectConfigurationPlatforms) = postSolution
		{08EB4F9E-70DE-4770-8FA0-664AA850C61D}.Debug|Any CPU.ActiveCfg = Debug|Any CPU
		{08EB4F9E-70DE-4770-8FA0-664AA850C61D}.Debug|Any CPU.Build.0 = Debug|Any CPU
		{08EB4F9E-70DE-4770-8FA0-664AA850C61D}.Release|Any CPU.ActiveCfg = Release|Any CPU
		{08EB4F9E-70DE-4770-8FA0-664AA850C61D}.Release|Any CPU.Build.0 = Release|Any CPU
		{5BCAA809-85F2-4EB1-9F14-9FFF71E93E33}.Debug|Any CPU.ActiveCfg = Debug|Any CPU
		{5BCAA809-85F2-4EB1-9F14-9FFF71E93E33}.Debug|Any CPU.Build.0 = Debug|Any CPU
		{5BCAA809-85F2-4EB1-9F14-9FFF71E93E33}.Release|Any CPU.ActiveCfg = Release|Any CPU
		{5BCAA809-85F2-4EB1-9F14-9FFF71E93E33}.Release|Any CPU.Build.0 = Release|Any CPU
		{B9B37F69-B163-480B-A556-1C8DCF0D7C78}.Debug|Any CPU.ActiveCfg = Debug|Any CPU
		{B9B37F69-B163-480B-A556-1C8DCF0D7C78}.Debug|Any CPU.Build.0 = Debug|Any CPU
		{B9B37F69-B163-480B-A556-1C8DCF0D7C78}.Release|Any CPU.ActiveCfg = Release|Any CPU
		{B9B37F69-B163-480B-A556-1C8DCF0D7C78}.Release|Any CPU.Build.0 = Release|Any CPU
		{55DF7505-CCCF-4CC1-B8F3-2FF78976770E}.Debug|Any CPU.ActiveCfg = Debug|Any CPU
		{55DF7505-CCCF-4CC1-B8F3-2FF78976770E}.Debug|Any CPU.Build.0 = Debug|Any CPU
		{55DF7505-CCCF-4CC1-B8F3-2FF78976770E}.Release|Any CPU.ActiveCfg = Release|Any CPU
		{55DF7505-CCCF-4CC1-B8F3-2FF78976770E}.Release|Any CPU.Build.0 = Release|Any CPU
		{CE0C9693-6732-45C3-93CC-2EBFBEAC1DBF}.Debug|Any CPU.ActiveCfg = Debug|Any CPU
		{CE0C9693-6732-45C3-93CC-2EBFBEAC1DBF}.Debug|Any CPU.Build.0 = Debug|Any CPU
		{CE0C9693-6732-45C3-93CC-2EBFBEAC1DBF}.Release|Any CPU.ActiveCfg = Release|Any CPU
		{CE0C9693-6732-45C3-93CC-2EBFBEAC1DBF}.Release|Any CPU.Build.0 = Release|Any CPU
	EndGlobalSection
	GlobalSection(SolutionProperties) = preSolution
		HideSolutionNode = FALSE
	EndGlobalSection
	GlobalSection(NestedProjects) = preSolution
		{08EB4F9E-70DE-4770-8FA0-664AA850C61D} = {DDB4EF12-CC4E-5E88-E6FC-71A802F4DE97}
		{5BCAA809-85F2-4EB1-9F14-9FFF71E93E33} = {8634FA63-4E55-4584-AE4C-00CC81986FD9}
		{399F5D2D-C25F-4627-A52D-C0EBF982DACB} = {AADD6DF4-8C4F-4EDD-83D9-125F664771D4}
		{B9B37F69-B163-480B-A556-1C8DCF0D7C78} = {399F5D2D-C25F-4627-A52D-C0EBF982DACB}
		{8634FA63-4E55-4584-AE4C-00CC81986FD9} = {AADD6DF4-8C4F-4EDD-83D9-125F664771D4}
		{55DF7505-CCCF-4CC1-B8F3-2FF78976770E} = {11DBD4E5-79F2-4D67-BD58-1632EA17F411}
		{CE0C9693-6732-45C3-93CC-2EBFBEAC1DBF} = {11DBD4E5-79F2-4D67-BD58-1632EA17F411}
	EndGlobalSection
	GlobalSection(ExtensibilityGlobals) = postSolution
		SolutionGuid = {0D7F4F64-5EB5-458D-813A-32703022290F}
	EndGlobalSection
EndGlobal
