
Microsoft Visual Studio Solution File, Format Version 12.00
# Visual Studio Version 17
VisualStudioVersion = 17.13.35825.156
MinimumVisualStudioVersion = 10.0.40219.1
Project("{2150E333-8FDC-42A3-9474-1A3956D46DE8}") = "Chapter01", "Chapter01", "{DDB4EF12-CC4E-5E88-E6FC-71A802F4DE97}"
EndProject
Project("{FAE04EC0-301F-11D3-BF4B-00C04F79EFBC}") = "ProductSample", "Chapter01\ProductSample\ProductSample.csproj", "{08EB4F9E-70DE-4770-8FA0-664AA850C61D}"
EndProject
Project("{2150E333-8FDC-42A3-9474-1A3956D46DE8}") = "Chapter02", "Chapter02", "{AADD6DF4-8C4F-4EDD-83D9-125F664771D4}"
EndProject
Project("{FAE04EC0-301F-11D3-BF4B-00C04F79EFBC}") = "DistanceConverter", "Chapter02\DistanceConverter\DistanceConverter.csproj", "{5BCAA809-85F2-4EB1-9F14-9FFF71E93E33}"
EndProject
Project("{2150E333-8FDC-42A3-9474-1A3956D46DE8}") = "演習問題", "演習問題", "{399F5D2D-C25F-4627-A52D-C0EBF982DACB}"
EndProject
Project("{FAE04EC0-301F-11D3-BF4B-00C04F79EFBC}") = "Exercise02", "Chapter02\演習問題\Exercise02\Exercise02.csproj", "{B9B37F69-B163-480B-A556-1C8DCF0D7C78}"
EndProject
Project("{2150E333-8FDC-42A3-9474-1A3956D46DE8}") = "距離換算プログラム", "距離換算プログラム", "{8634FA63-4E55-4584-AE4C-00CC81986FD9}"
EndProject
Project("{2150E333-8FDC-42A3-9474-1A3956D46DE8}") = "FormApps", "FormApps", "{11DBD4E5-79F2-4D67-BD58-1632EA17F411}"
EndProject
Project("{FAE04EC0-301F-11D3-BF4B-00C04F79EFBC}") = "UnitConverter", "FormApps\UnitConverter\UnitConverter.csproj", "{55DF7505-CCCF-4CC1-B8F3-2FF78976770E}"
EndProject
Project("{FAE04EC0-301F-11D3-BF4B-00C04F79EFBC}") = "StopWatch", "FormApps\StopWatch\StopWatch.csproj", "{CE0C9693-6732-45C3-93CC-2EBFBEAC1DBF}"
EndProject
Project("{2150E333-8FDC-42A3-9474-1A3956D46DE8}") = "売り上げ集計プログラム", "売り上げ集計プログラム", "{9494AFE8-C563-4F53-9385-A75608B79728}"
EndProject
Project("{FAE04EC0-301F-11D3-BF4B-00C04F79EFBC}") = "SalesCalculator", "Chapter02\SalesCalculator\SalesCalculator.csproj", "{CB1F3D5C-457D-432B-BA2C-B87808F6D7B4}"
EndProject
Project("{FAE04EC0-301F-11D3-BF4B-00C04F79EFBC}") = "Exercise01", "Chapter02\演習問題\Exercise01\Exercise01.csproj", "{693839EE-E3BC-4991-A5B5-84B1BB9A95E6}"
EndProject
Project("{2150E333-8FDC-42A3-9474-1A3956D46DE8}") = "Chapter03", "Chapter03", "{1D01ACAA-FC75-4DAC-9B37-09AC1CD93FEF}"
EndProject
Project("{FAE04EC0-301F-11D3-BF4B-00C04F79EFBC}") = "Section01", "Chapter03\Section01\Section01.csproj", "{244CE9C9-BF96-4393-AA5C-4963CAFD6A3F}"
EndProject
Project("{2150E333-8FDC-42A3-9474-1A3956D46DE8}") = "演習問題", "演習問題", "{FE030422-0A77-4388-82EF-E9D23C786FB8}"
EndProject
Project("{FAE04EC0-301F-11D3-BF4B-00C04F79EFBC}") = "Exercise02", "Chapter03\演習問題\Exercise02\Exercise02.csproj", "{9661600F-9E2E-EC39-AFA2-64DBC15CE967}"
EndProject
Project("{FAE04EC0-301F-11D3-BF4B-00C04F79EFBC}") = "Exercise01", "Chapter03\演習問題\Exercise01\Exercise01.csproj", "{E09CBDAC-F05E-4D72-97AB-7905DA44BF97}"
EndProject
Project("{2150E333-8FDC-42A3-9474-1A3956D46DE8}") = "Chapter04", "Chapter04", "{78DF8F13-010E-484C-9766-CB7E62C2513B}"
EndProject
Project("{FAE04EC0-301F-11D3-BF4B-00C04F79EFBC}") = "Section04", "Chapter04\Section04\Section04.csproj", "{7F9B267E-0E99-4ED6-A773-151F25348BDD}"
EndProject
Project("{FAE04EC0-301F-11D3-BF4B-00C04F79EFBC}") = "Section04", "Chapter03\Section04\Section04.csproj", "{86223FCB-E56C-3780-2F73-26C228CA57B7}"
EndProject
Project("{2150E333-8FDC-42A3-9474-1A3956D46DE8}") = "演習問題", "演習問題", "{13AE4DAF-DF79-4230-A5AC-A557892D014C}"
EndProject
Project("{FAE04EC0-301F-11D3-BF4B-00C04F79EFBC}") = "Exercise01", "Chapter04\演習問題\Exercise01\Exercise01.csproj", "{1D4A637E-95CA-4D30-A78F-82E75497E630}"
EndProject
Project("{FAE04EC0-301F-11D3-BF4B-00C04F79EFBC}") = "Exercise02", "Chapter04\演習問題\Exercise02\Exercise02.csproj", "{2F7B99E1-93DE-4F77-8036-ACCEEA9626BA}"
EndProject
Project("{2150E333-8FDC-42A3-9474-1A3956D46DE8}") = "LINQ", "LINQ", "{5E0028D2-6E7B-4BEC-B86E-6D5D16690B5E}"
EndProject
Project("{FAE04EC0-301F-11D3-BF4B-00C04F79EFBC}") = "LinqSample", "LINQ\LinqSample\LinqSample.csproj", "{CE88A9A6-AA2A-4CE9-B1E8-24DE4D221FFC}"
EndProject
Project("{2150E333-8FDC-42A3-9474-1A3956D46DE8}") = "Chapter07", "Chapter07", "{92A17852-068D-4AB1-A221-D184220F1758}"
EndProject
Project("{2150E333-8FDC-42A3-9474-1A3956D46DE8}") = "演習問題", "演習問題", "{918318AB-E6A7-4148-B2BC-C9D8FBBFF918}"
EndProject
Project("{FAE04EC0-301F-11D3-BF4B-00C04F79EFBC}") = "Exercise01", "Chapter07\演習問題\Exercise01\Exercise01.csproj", "{784AC071-A74F-4EE5-888F-A00704B2335D}"
EndProject
Project("{FAE04EC0-301F-11D3-BF4B-00C04F79EFBC}") = "Section01", "Chapter07\Section01\Section01.csproj", "{84EB0AD4-2229-40C0-9F52-6A1AF209C747}"
EndProject
Project("{FAE04EC0-301F-11D3-BF4B-00C04F79EFBC}") = "Section05", "Chapter07\Section05\Section05.csproj", "{EFE33478-0E74-4C98-9CCC-290650E18F9E}"
EndProject
Project("{FAE04EC0-301F-11D3-BF4B-00C04F79EFBC}") = "Exercise02", "Chapter07\演習問題\Exercise02\Exercise02.csproj", "{02AFDF9A-E95A-40AC-A2D4-74E029332335}"
EndProject
Project("{2150E333-8FDC-42A3-9474-1A3956D46DE8}") = "Chapter06", "Chapter06", "{13170683-E158-41D5-9D72-A30A84EE5383}"
EndProject
Project("{FAE04EC0-301F-11D3-BF4B-00C04F79EFBC}") = "Section01", "Chapter06\Section01\Section01.csproj", "{6AD5A5B9-7CD9-4610-BAF3-3ADD4A5B19A2}"
EndProject
Project("{2150E333-8FDC-42A3-9474-1A3956D46DE8}") = "演習問題", "演習問題", "{DF9451CD-EE18-4158-A887-95624A1E7D20}"
EndProject
Project("{FAE04EC0-301F-11D3-BF4B-00C04F79EFBC}") = "Exercise01", "Chapter06\演習問題\Exercise01\Exercise01.csproj", "{E4A5F8BE-2685-4A93-9AB4-067D7A54D4A9}"
EndProject
Project("{FAE04EC0-301F-11D3-BF4B-00C04F79EFBC}") = "Exercise03", "Chapter06\演習問題\Exercise03\Exercise03.csproj", "{FB05652D-AACF-4BFD-9ACC-9AB9D860F71D}"
EndProject
Project("{FAE04EC0-301F-11D3-BF4B-00C04F79EFBC}") = "Exercise02", "Chapter06\演習問題\Exercise02\Exercise02.csproj", "{9605B4B8-0A34-BDE4-CFD2-F49073E3B9EF}"
EndProject
Project("{FAE04EC0-301F-11D3-BF4B-00C04F79EFBC}") = "Exercise04", "Chapter06\演習問題\Exercise04\Exercise04.csproj", "{8758FBDB-9295-0DA5-31B6-DA01667F06FB}"
EndProject
Project("{FAE04EC0-301F-11D3-BF4B-00C04F79EFBC}") = "Section03", "Chapter06\Section03\Section03.csproj", "{354742A8-A244-4C85-ADB6-212F7CE9117E}"
EndProject
Project("{2150E333-8FDC-42A3-9474-1A3956D46DE8}") = "Chapter05", "Chapter05", "{0F9444C8-4AE1-45C1-A56A-25F831190DDF}"
EndProject
Project("{2150E333-8FDC-42A3-9474-1A3956D46DE8}") = "演習問題", "演習問題", "{9D703F88-2D7C-4D21-B55C-7E9F8D1BCE3E}"
EndProject
Project("{FAE04EC0-301F-11D3-BF4B-00C04F79EFBC}") = "Section01", "Chapter05\Section01\Section01.csproj", "{6B162DF2-7F45-44D8-A497-9178E3622FA9}"
EndProject
Project("{FAE04EC0-301F-11D3-BF4B-00C04F79EFBC}") = "Section02", "Chapter05\Section02\Section02.csproj", "{FB9FF070-45E6-496A-B14B-7564E0C8C56E}"
EndProject
Project("{FAE04EC0-301F-11D3-BF4B-00C04F79EFBC}") = "Exercise01", "Chapter05\演習問題\Exercise01\Exercise01.csproj", "{6371393D-604D-42D2-B3A6-6360508FCC2D}"
EndProject
Project("{FAE04EC0-301F-11D3-BF4B-00C04F79EFBC}") = "Exercise02", "Chapter05\演習問題\Exercise02\Exercise02.csproj", "{CB07AAE2-CB0F-40C0-BB14-347142B8625C}"
EndProject
Project("{2150E333-8FDC-42A3-9474-1A3956D46DE8}") = "Chapter08", "Chapter08", "{7650D037-193C-4547-978A-355DF88BAC4C}"
EndProject
Project("{2150E333-8FDC-42A3-9474-1A3956D46DE8}") = "演習問題", "演習問題", "{15411666-DAD0-4FE8-9790-673E01C04425}"
EndProject
Project("{FAE04EC0-301F-11D3-BF4B-00C04F79EFBC}") = "Exercise01", "Chapter08\演習問題\Exercise01\Exercise01.csproj", "{CBA723A4-A6C0-4CE5-9160-4B4F3F2CCAB6}"
EndProject
Project("{FAE04EC0-301F-11D3-BF4B-00C04F79EFBC}") = "PrefCapitalLocationSystem", "Chapter08\PrefCapitalLocationSystem\PrefCapitalLocationSystem.csproj", "{BA3B5C5E-D6A4-39ED-6760-036CDB62E249}"
EndProject
Project("{FAE04EC0-301F-11D3-BF4B-00C04F79EFBC}") = "Section03", "Chapter08\Section03\Section03.csproj", "{37737B74-EDC5-40D1-81F1-6F474DCD1E18}"
EndProject
Project("{FAE04EC0-301F-11D3-BF4B-00C04F79EFBC}") = "Exercise02", "Chapter08\演習問題\Exercise02\Exercise02.csproj", "{A2F96CCC-B005-40D3-A8AA-93E30A60784C}"
EndProject
Project("{2150E333-8FDC-42A3-9474-1A3956D46DE8}") = "Test01", "Test01", "{C6B37BED-F930-4819-9DEA-675E82E3A90B}"
EndProject
Project("{FAE04EC0-301F-11D3-BF4B-00C04F79EFBC}") = "Test01", "Test01\Test01\Test01.csproj", "{6EF7678A-A725-F430-3097-30F090C0100A}"
EndProject
Project("{FAE04EC0-301F-11D3-BF4B-00C04F79EFBC}") = "Test02", "Test01\Test02\Test02.csproj", "{010D0C11-D6A2-3CA6-3281-4E0FD547EC2D}"
EndProject
Project("{2150E333-8FDC-42A3-9474-1A3956D46DE8}") = "Chapter09", "Chapter09", "{17595B41-36CE-45CE-B054-27E33DD7DD08}"
EndProject
Project("{FAE04EC0-301F-11D3-BF4B-00C04F79EFBC}") = "Section01", "Chapter09\Section01\Section01.csproj", "{6B3B9331-BC06-434E-AB64-849EAA919752}"
EndProject
Project("{2150E333-8FDC-42A3-9474-1A3956D46DE8}") = "演習問題", "演習問題", "{CA28CA9C-8DB3-4A64-A948-351128DF8FC9}"
EndProject
Project("{FAE04EC0-301F-11D3-BF4B-00C04F79EFBC}") = "Exercise01", "Chapter09\演習問題\Exercise01\Exercise01.csproj", "{256B0890-D4F7-4FCD-8D40-4DAA3AA675F6}"
EndProject
Project("{FAE04EC0-301F-11D3-BF4B-00C04F79EFBC}") = "Exercise02", "Chapter09\演習問題\Exercise02\Exercise02.csproj", "{52442FBF-AB1E-12BC-8344-0695887AC3CB}"
EndProject
Project("{FAE04EC0-301F-11D3-BF4B-00C04F79EFBC}") = "Exercise03", "Chapter09\演習問題\Exercise03\Exercise03.csproj", "{13EA441B-E72F-5CA2-D5D4-B3F52139D7CF}"
EndProject
Project("{FAE04EC0-301F-11D3-BF4B-00C04F79EFBC}") = "CarReportSystem", "FormApps\CarReportSystem\CarReportSystem.csproj", "{28637CCF-7C27-4B02-AF3C-E74A4D68429E}"
EndProject
Project("{2150E333-8FDC-42A3-9474-1A3956D46DE8}") = "Chapter12", "Chapter12", "{90225BCB-C654-4E0C-AF7F-F901C4A51F9D}"
EndProject
Project("{2150E333-8FDC-42A3-9474-1A3956D46DE8}") = "演習問題", "演習問題", "{E6BA239A-6F98-44FF-BCDB-DE3D50535451}"
EndProject
Project("{FAE04EC0-301F-11D3-BF4B-00C04F79EFBC}") = "Section01", "Chapter12\Section01\Section01.csproj", "{432493A5-7466-42A9-A49F-10C298157946}"
EndProject
Project("{FAE04EC0-301F-11D3-BF4B-00C04F79EFBC}") = "Exercise01", "Chapter12\演習問題\Exercise01\Exercise01.csproj", "{34A75D31-2719-4CAB-933D-3393152B9B24}"
EndProject
Project("{FAE04EC0-301F-11D3-BF4B-00C04F79EFBC}") = "Exercise02", "Chapter12\演習問題\Exercise02\Exercise02.csproj", "{F01C3B69-9D05-4BEF-26EB-57BAD926097B}"
EndProject
Project("{FAE04EC0-301F-11D3-BF4B-00C04F79EFBC}") = "Exercise03", "Chapter12\演習問題\Exercise03\Exercise03.csproj", "{414DFFD5-4A0F-DD91-933A-D9585859A325}"
EndProject
Project("{FAE04EC0-301F-11D3-BF4B-00C04F79EFBC}") = "RssReader", "FormApps\RssReader\RssReader.csproj", "{D72AFCCF-94DB-40DE-8535-741EBA7CD965}"
EndProject
Project("{2150E333-8FDC-42A3-9474-1A3956D46DE8}") = "Chapter11", "Chapter11", "{A412B6CC-1F23-4664-A537-CB054630BC44}"
EndProject
Project("{FAE04EC0-301F-11D3-BF4B-00C04F79EFBC}") = "Section02", "Chapter11\Section02\Section02.csproj", "{9608EA59-F685-4E76-90E7-7AE21165518D}"
EndProject
Project("{2150E333-8FDC-42A3-9474-1A3956D46DE8}") = "演習問題", "演習問題", "{FB70779E-5140-4120-876F-4E73C0EC4E16}"
EndProject
Project("{FAE04EC0-301F-11D3-BF4B-00C04F79EFBC}") = "Exercise01", "Chapter11\演習問題\Exercise01\Exercise01.csproj", "{5503566A-67F4-4D5E-9268-A54E12E6BA4E}"
EndProject
Project("{FAE04EC0-301F-11D3-BF4B-00C04F79EFBC}") = "Exercise02", "Chapter11\演習問題\Exercise02\Exercise02.csproj", "{C46C4C88-16C6-4FB6-A446-8CCAF0C4F546}"
EndProject
Project("{FAE04EC0-301F-11D3-BF4B-00C04F79EFBC}") = "Section03", "Chapter11\Section03\Section03.csproj", "{86D4EEB8-7B31-4D57-9058-444A118AA8E5}"
EndProject
Project("{FAE04EC0-301F-11D3-BF4B-00C04F79EFBC}") = "Exercise03", "Chapter11\演習問題\Exercise03\Exercise03.csproj", "{45FA6DD6-2882-4DC7-AA75-B8448C5D0490}"
EndProject
Project("{FAE04EC0-301F-11D3-BF4B-00C04F79EFBC}") = "Section04", "Chapter11\Section04\Section04.csproj", "{55FBF8FF-0C65-472E-9B2D-0EFFC7F9FF5A}"
EndProject
Project("{FAE04EC0-301F-11D3-BF4B-00C04F79EFBC}") = "Exercise04", "Chapter11\演習問題\Exercise04\Exercise04.csproj", "{DF01D0C7-6220-49A8-AFB9-839E166FADCB}"
EndProject
Project("{FAE04EC0-301F-11D3-BF4B-00C04F79EFBC}") = "Exercise05", "Chapter11\演習問題\Exercise05\Exercise05.csproj", "{1F41F3C0-6929-45F8-989E-12F935DED92E}"
EndProject
Project("{2150E333-8FDC-42A3-9474-1A3956D46DE8}") = "WPF", "WPF", "{76D8C849-F4CF-476E-8090-78FDEF248E1E}"
EndProject
Project("{FAE04EC0-301F-11D3-BF4B-00C04F79EFBC}") = "SampleApplication", "WPF\SampleApplication2\SampleApplication.csproj", "{495A8FDB-B92C-43EA-807B-12648C6AD4DF}"
EndProject
Project("{FAE04EC0-301F-11D3-BF4B-00C04F79EFBC}") = "SampleSlider", "WPF\SampleSlider\SampleSlider.csproj", "{9BE17292-C49B-4D93-BDAF-1C11DF1B07C4}"
EndProject
Project("{FAE04EC0-301F-11D3-BF4B-00C04F79EFBC}") = "ColorChecker", "WPF\ColorChecker\ColorChecker.csproj", "{78E5F81A-C4D5-450E-BCE6-C2649BF375D9}"
EndProject
Project("{FAE04EC0-301F-11D3-BF4B-00C04F79EFBC}") = "ConverterApp", "WPF\ConverterApp\ConverterApp.csproj", "{C36D5A7E-CD6F-4F0E-8AC9-353DD2FC2EEC}"
EndProject
Project("{FAE04EC0-301F-11D3-BF4B-00C04F79EFBC}") = "HelloWorld", "WPF\HelloWorld\HelloWorld.csproj", "{27EBA964-4EC7-43B1-BD18-47764F7D164B}"
EndProject
Project("{FAE04EC0-301F-11D3-BF4B-00C04F79EFBC}") = "PrismObservesSample", "WPF\PrismObservesSample\PrismObservesSample.csproj", "{7F84A1FC-2EDB-48B8-8D1E-7979CF488B89}"
EndProject
Project("{FAE04EC0-301F-11D3-BF4B-00C04F79EFBC}") = "SampleUnitConverter", "WPF\SampleUnitConverter\SampleUnitConverter.csproj", "{B503527B-9B63-4B04-AC77-4A40230C55C8}"
EndProject
Project("{2150E333-8FDC-42A3-9474-1A3956D46DE8}") = "SQLite", "SQLite", "{AD9C9505-EC38-4331-AFD1-DCDEAAAE5474}"
EndProject
Project("{FAE04EC0-301F-11D3-BF4B-00C04F79EFBC}") = "Sample", "SQLite\Sample\Sample.csproj", "{3A6E94FB-419A-49CA-8E9A-7E3BA6FCD25D}"
EndProject
Project("{FAE04EC0-301F-11D3-BF4B-00C04F79EFBC}") = "CustomerApp", "SQLite\CustomerApp\CustomerApp.csproj", "{252B6C1D-F5BB-4DB5-9A76-60CB2D108EBF}"
EndProject
Project("{2150E333-8FDC-42A3-9474-1A3956D46DE8}") = "Chapter13", "Chapter13", "{1ED77A87-EB70-4B84-9236-A45CD3B77CEB}"
EndProject
Project("{2150E333-8FDC-42A3-9474-1A3956D46DE8}") = "演習問題", "演習問題", "{CC970851-959F-4FFE-A452-8BEFF3716E6C}"
EndProject
Project("{FAE04EC0-301F-11D3-BF4B-00C04F79EFBC}") = "Section01", "Chapter13\Section01\Section01.csproj", "{9569092F-4418-7D00-ED42-765FE98B80B4}"
EndProject
Project("{FAE04EC0-301F-11D3-BF4B-00C04F79EFBC}") = "Exercise01", "Chapter13\演習問題\Exercise01\Exercise01.csproj", "{684C08D8-E569-DF97-4C0E-C7EC3D95E69C}"
EndProject
Project("{2150E333-8FDC-42A3-9474-1A3956D46DE8}") = "Chapter14", "Chapter14", "{7B7A56F0-D964-4903-864B-26FBEEF93ABA}"
EndProject
Project("{FAE04EC0-301F-11D3-BF4B-00C04F79EFBC}") = "Section03", "Chapter14\Section03\Section03.csproj", "{FEC3CDC5-F92B-490E-BC67-91CBC3794C24}"
EndProject
Project("{2150E333-8FDC-42A3-9474-1A3956D46DE8}") = "演習問題", "演習問題", "{FA7B0E15-736A-42E0-A9C3-A152D604EDE8}"
EndProject
Project("{FAE04EC0-301F-11D3-BF4B-00C04F79EFBC}") = "Exercise01", "Chapter14\演習問題\Exercise01\Exercise01.csproj", "{9F90A9A2-657F-4897-9C5F-79D08598693C}"
EndProject
Project("{FAE04EC0-301F-11D3-BF4B-00C04F79EFBC}") = "Section04", "Chapter14\Section04\Section04.csproj", "{687BD1D5-C977-4021-8DCF-0D44B3E03924}"
EndProject
Project("{FAE04EC0-301F-11D3-BF4B-00C04F79EFBC}") = "WebBrowser", "Chapter14\WebBrowser\WebBrowser.csproj", "{6BDF5CD4-DAC2-4FFF-A759-9724D833832D}"
EndProject
Project("{FAE04EC0-301F-11D3-BF4B-00C04F79EFBC}") = "Section05", "Chapter14\Section05\Section05.csproj", "{384A653B-2903-4E99-9F2D-F3CC90E11A87}"
EndProject
Project("{2150E333-8FDC-42A3-9474-1A3956D46DE8}") = "Chapter10", "Chapter10", "{4D027A2B-9106-4CB5-A0B9-5E49EF53EEE6}"
EndProject
Project("{2150E333-8FDC-42A3-9474-1A3956D46DE8}") = "演習問題", "演習問題", "{DBA42C95-205B-4D71-A0A6-05FA8C269ED2}"
EndProject
Project("{FAE04EC0-301F-11D3-BF4B-00C04F79EFBC}") = "Exercise01", "Chapter10\演習問題\Exercise01\Exercise01.csproj", "{7B6096D3-B7A4-481A-A32B-2F31FC68ABAB}"
EndProject
Project("{FAE04EC0-301F-11D3-BF4B-00C04F79EFBC}") = "Exercise02", "Chapter10\演習問題\Exercise02\Exercise02.csproj", "{25B0EA8B-23EB-4FBE-B058-8379A134D679}"
EndProject
Project("{FAE04EC0-301F-11D3-BF4B-00C04F79EFBC}") = "Exercise03", "Chapter10\演習問題\Exercise03\Exercise03.csproj", "{9B0B3454-C417-4A56-BF85-AFB40F96B0BA}"
EndProject
Project("{FAE04EC0-301F-11D3-BF4B-00C04F79EFBC}") = "Exercise04", "Chapter10\演習問題\Exercise04\Exercise04.csproj", "{F7B79A8F-085F-41EF-BF76-1AF4A078D768}"
EndProject
Project("{2150E333-8FDC-42A3-9474-1A3956D46DE8}") = "Chapter15", "Chapter15", "{1672C583-C452-437F-8341-70AF75F1C6F8}"
EndProject
Project("{FAE04EC0-301F-11D3-BF4B-00C04F79EFBC}") = "Section01", "Chapter15\Section01\Section01.csproj", "{E131031D-42C8-4BB1-B111-C17AD8AB435F}"
EndProject
Project("{2150E333-8FDC-42A3-9474-1A3956D46DE8}") = "TemplateMethod", "TemplateMethod", "{98E895EC-20D2-4EEB-BE15-4F916F65D14A}"
EndProject
Project("{FAE04EC0-301F-11D3-BF4B-00C04F79EFBC}") = "TextFileProcessor", "Chapter15\TemplateMethod\TextFileProcessor\TextFileProcessor.csproj", "{32A6A7A1-8B05-4A14-BB52-B5164D20D27D}"
EndProject
Project("{FAE04EC0-301F-11D3-BF4B-00C04F79EFBC}") = "LineCounter", "Chapter15\TemplateMethod\LineCounter\LineCounter.csproj", "{6E8F0AA4-488D-4FC8-BEC8-8AD9D7224D5A}"
EndProject
Project("{2150E333-8FDC-42A3-9474-1A3956D46DE8}") = "Strategy", "Strategy", "{4BB07A15-EBCC-40EE-94ED-2146E5E521E9}"
EndProject
Project("{FAE04EC0-301F-11D3-BF4B-00C04F79EFBC}") = "DistanceConverter", "Chapter15\Strategy\DistanceConverter\DistanceConverter.csproj", "{CDD1BCA2-9A44-4711-8417-A7DE7993431C}"
EndProject
Project("{FAE04EC0-301F-11D3-BF4B-00C04F79EFBC}") = "TextFileProcessorDI", "Chapter15\TemplateMethod\TextFileProcessorDI\TextFileProcessorDI.csproj", "{9BA78DBC-F612-4719-97D4-6CF44B85149C}"
EndProject
Global
	GlobalSection(SolutionConfigurationPlatforms) = preSolution
		Debug|Any CPU = Debug|Any CPU
		Release|Any CPU = Release|Any CPU
	EndGlobalSection
	GlobalSection(ProjectConfigurationPlatforms) = postSolution
		{08EB4F9E-70DE-4770-8FA0-664AA850C61D}.Debug|Any CPU.ActiveCfg = Debug|Any CPU
		{08EB4F9E-70DE-4770-8FA0-664AA850C61D}.Debug|Any CPU.Build.0 = Debug|Any CPU
		{08EB4F9E-70DE-4770-8FA0-664AA850C61D}.Release|Any CPU.ActiveCfg = Release|Any CPU
		{08EB4F9E-70DE-4770-8FA0-664AA850C61D}.Release|Any CPU.Build.0 = Release|Any CPU
		{5BCAA809-85F2-4EB1-9F14-9FFF71E93E33}.Debug|Any CPU.ActiveCfg = Debug|Any CPU
		{5BCAA809-85F2-4EB1-9F14-9FFF71E93E33}.Debug|Any CPU.Build.0 = Debug|Any CPU
		{5BCAA809-85F2-4EB1-9F14-9FFF71E93E33}.Release|Any CPU.ActiveCfg = Release|Any CPU
		{5BCAA809-85F2-4EB1-9F14-9FFF71E93E33}.Release|Any CPU.Build.0 = Release|Any CPU
		{B9B37F69-B163-480B-A556-1C8DCF0D7C78}.Debug|Any CPU.ActiveCfg = Debug|Any CPU
		{B9B37F69-B163-480B-A556-1C8DCF0D7C78}.Debug|Any CPU.Build.0 = Debug|Any CPU
		{B9B37F69-B163-480B-A556-1C8DCF0D7C78}.Release|Any CPU.ActiveCfg = Release|Any CPU
		{B9B37F69-B163-480B-A556-1C8DCF0D7C78}.Release|Any CPU.Build.0 = Release|Any CPU
		{55DF7505-CCCF-4CC1-B8F3-2FF78976770E}.Debug|Any CPU.ActiveCfg = Debug|Any CPU
		{55DF7505-CCCF-4CC1-B8F3-2FF78976770E}.Debug|Any CPU.Build.0 = Debug|Any CPU
		{55DF7505-CCCF-4CC1-B8F3-2FF78976770E}.Release|Any CPU.ActiveCfg = Release|Any CPU
		{55DF7505-CCCF-4CC1-B8F3-2FF78976770E}.Release|Any CPU.Build.0 = Release|Any CPU
		{CE0C9693-6732-45C3-93CC-2EBFBEAC1DBF}.Debug|Any CPU.ActiveCfg = Debug|Any CPU
		{CE0C9693-6732-45C3-93CC-2EBFBEAC1DBF}.Debug|Any CPU.Build.0 = Debug|Any CPU
		{CE0C9693-6732-45C3-93CC-2EBFBEAC1DBF}.Release|Any CPU.ActiveCfg = Release|Any CPU
		{CE0C9693-6732-45C3-93CC-2EBFBEAC1DBF}.Release|Any CPU.Build.0 = Release|Any CPU
		{CB1F3D5C-457D-432B-BA2C-B87808F6D7B4}.Debug|Any CPU.ActiveCfg = Debug|Any CPU
		{CB1F3D5C-457D-432B-BA2C-B87808F6D7B4}.Debug|Any CPU.Build.0 = Debug|Any CPU
		{CB1F3D5C-457D-432B-BA2C-B87808F6D7B4}.Release|Any CPU.ActiveCfg = Release|Any CPU
		{CB1F3D5C-457D-432B-BA2C-B87808F6D7B4}.Release|Any CPU.Build.0 = Release|Any CPU
		{693839EE-E3BC-4991-A5B5-84B1BB9A95E6}.Debug|Any CPU.ActiveCfg = Debug|Any CPU
		{693839EE-E3BC-4991-A5B5-84B1BB9A95E6}.Debug|Any CPU.Build.0 = Debug|Any CPU
		{693839EE-E3BC-4991-A5B5-84B1BB9A95E6}.Release|Any CPU.ActiveCfg = Release|Any CPU
		{693839EE-E3BC-4991-A5B5-84B1BB9A95E6}.Release|Any CPU.Build.0 = Release|Any CPU
		{244CE9C9-BF96-4393-AA5C-4963CAFD6A3F}.Debug|Any CPU.ActiveCfg = Debug|Any CPU
		{244CE9C9-BF96-4393-AA5C-4963CAFD6A3F}.Debug|Any CPU.Build.0 = Debug|Any CPU
		{244CE9C9-BF96-4393-AA5C-4963CAFD6A3F}.Release|Any CPU.ActiveCfg = Release|Any CPU
		{244CE9C9-BF96-4393-AA5C-4963CAFD6A3F}.Release|Any CPU.Build.0 = Release|Any CPU
		{9661600F-9E2E-EC39-AFA2-64DBC15CE967}.Debug|Any CPU.ActiveCfg = Debug|Any CPU
		{9661600F-9E2E-EC39-AFA2-64DBC15CE967}.Debug|Any CPU.Build.0 = Debug|Any CPU
		{9661600F-9E2E-EC39-AFA2-64DBC15CE967}.Release|Any CPU.ActiveCfg = Release|Any CPU
		{9661600F-9E2E-EC39-AFA2-64DBC15CE967}.Release|Any CPU.Build.0 = Release|Any CPU
		{E09CBDAC-F05E-4D72-97AB-7905DA44BF97}.Debug|Any CPU.ActiveCfg = Debug|Any CPU
		{E09CBDAC-F05E-4D72-97AB-7905DA44BF97}.Debug|Any CPU.Build.0 = Debug|Any CPU
		{E09CBDAC-F05E-4D72-97AB-7905DA44BF97}.Release|Any CPU.ActiveCfg = Release|Any CPU
		{E09CBDAC-F05E-4D72-97AB-7905DA44BF97}.Release|Any CPU.Build.0 = Release|Any CPU
		{7F9B267E-0E99-4ED6-A773-151F25348BDD}.Debug|Any CPU.ActiveCfg = Debug|Any CPU
		{7F9B267E-0E99-4ED6-A773-151F25348BDD}.Debug|Any CPU.Build.0 = Debug|Any CPU
		{7F9B267E-0E99-4ED6-A773-151F25348BDD}.Release|Any CPU.ActiveCfg = Release|Any CPU
		{7F9B267E-0E99-4ED6-A773-151F25348BDD}.Release|Any CPU.Build.0 = Release|Any CPU
		{86223FCB-E56C-3780-2F73-26C228CA57B7}.Debug|Any CPU.ActiveCfg = Debug|Any CPU
		{86223FCB-E56C-3780-2F73-26C228CA57B7}.Debug|Any CPU.Build.0 = Debug|Any CPU
		{86223FCB-E56C-3780-2F73-26C228CA57B7}.Release|Any CPU.ActiveCfg = Release|Any CPU
		{86223FCB-E56C-3780-2F73-26C228CA57B7}.Release|Any CPU.Build.0 = Release|Any CPU
		{1D4A637E-95CA-4D30-A78F-82E75497E630}.Debug|Any CPU.ActiveCfg = Debug|Any CPU
		{1D4A637E-95CA-4D30-A78F-82E75497E630}.Debug|Any CPU.Build.0 = Debug|Any CPU
		{1D4A637E-95CA-4D30-A78F-82E75497E630}.Release|Any CPU.ActiveCfg = Release|Any CPU
		{1D4A637E-95CA-4D30-A78F-82E75497E630}.Release|Any CPU.Build.0 = Release|Any CPU
		{2F7B99E1-93DE-4F77-8036-ACCEEA9626BA}.Debug|Any CPU.ActiveCfg = Debug|Any CPU
		{2F7B99E1-93DE-4F77-8036-ACCEEA9626BA}.Debug|Any CPU.Build.0 = Debug|Any CPU
		{2F7B99E1-93DE-4F77-8036-ACCEEA9626BA}.Release|Any CPU.ActiveCfg = Release|Any CPU
		{2F7B99E1-93DE-4F77-8036-ACCEEA9626BA}.Release|Any CPU.Build.0 = Release|Any CPU
		{CE88A9A6-AA2A-4CE9-B1E8-24DE4D221FFC}.Debug|Any CPU.ActiveCfg = Debug|Any CPU
		{CE88A9A6-AA2A-4CE9-B1E8-24DE4D221FFC}.Debug|Any CPU.Build.0 = Debug|Any CPU
		{CE88A9A6-AA2A-4CE9-B1E8-24DE4D221FFC}.Release|Any CPU.ActiveCfg = Release|Any CPU
		{CE88A9A6-AA2A-4CE9-B1E8-24DE4D221FFC}.Release|Any CPU.Build.0 = Release|Any CPU
		{784AC071-A74F-4EE5-888F-A00704B2335D}.Debug|Any CPU.ActiveCfg = Debug|Any CPU
		{784AC071-A74F-4EE5-888F-A00704B2335D}.Debug|Any CPU.Build.0 = Debug|Any CPU
		{784AC071-A74F-4EE5-888F-A00704B2335D}.Release|Any CPU.ActiveCfg = Release|Any CPU
		{784AC071-A74F-4EE5-888F-A00704B2335D}.Release|Any CPU.Build.0 = Release|Any CPU
		{84EB0AD4-2229-40C0-9F52-6A1AF209C747}.Debug|Any CPU.ActiveCfg = Debug|Any CPU
		{84EB0AD4-2229-40C0-9F52-6A1AF209C747}.Debug|Any CPU.Build.0 = Debug|Any CPU
		{84EB0AD4-2229-40C0-9F52-6A1AF209C747}.Release|Any CPU.ActiveCfg = Release|Any CPU
		{84EB0AD4-2229-40C0-9F52-6A1AF209C747}.Release|Any CPU.Build.0 = Release|Any CPU
		{EFE33478-0E74-4C98-9CCC-290650E18F9E}.Debug|Any CPU.ActiveCfg = Debug|Any CPU
		{EFE33478-0E74-4C98-9CCC-290650E18F9E}.Debug|Any CPU.Build.0 = Debug|Any CPU
		{EFE33478-0E74-4C98-9CCC-290650E18F9E}.Release|Any CPU.ActiveCfg = Release|Any CPU
		{EFE33478-0E74-4C98-9CCC-290650E18F9E}.Release|Any CPU.Build.0 = Release|Any CPU
		{02AFDF9A-E95A-40AC-A2D4-74E029332335}.Debug|Any CPU.ActiveCfg = Debug|Any CPU
		{02AFDF9A-E95A-40AC-A2D4-74E029332335}.Debug|Any CPU.Build.0 = Debug|Any CPU
		{02AFDF9A-E95A-40AC-A2D4-74E029332335}.Release|Any CPU.ActiveCfg = Release|Any CPU
		{02AFDF9A-E95A-40AC-A2D4-74E029332335}.Release|Any CPU.Build.0 = Release|Any CPU
		{6AD5A5B9-7CD9-4610-BAF3-3ADD4A5B19A2}.Debug|Any CPU.ActiveCfg = Debug|Any CPU
		{6AD5A5B9-7CD9-4610-BAF3-3ADD4A5B19A2}.Debug|Any CPU.Build.0 = Debug|Any CPU
		{6AD5A5B9-7CD9-4610-BAF3-3ADD4A5B19A2}.Release|Any CPU.ActiveCfg = Release|Any CPU
		{6AD5A5B9-7CD9-4610-BAF3-3ADD4A5B19A2}.Release|Any CPU.Build.0 = Release|Any CPU
		{E4A5F8BE-2685-4A93-9AB4-067D7A54D4A9}.Debug|Any CPU.ActiveCfg = Debug|Any CPU
		{E4A5F8BE-2685-4A93-9AB4-067D7A54D4A9}.Debug|Any CPU.Build.0 = Debug|Any CPU
		{E4A5F8BE-2685-4A93-9AB4-067D7A54D4A9}.Release|Any CPU.ActiveCfg = Release|Any CPU
		{E4A5F8BE-2685-4A93-9AB4-067D7A54D4A9}.Release|Any CPU.Build.0 = Release|Any CPU
		{FB05652D-AACF-4BFD-9ACC-9AB9D860F71D}.Debug|Any CPU.ActiveCfg = Debug|Any CPU
		{FB05652D-AACF-4BFD-9ACC-9AB9D860F71D}.Debug|Any CPU.Build.0 = Debug|Any CPU
		{FB05652D-AACF-4BFD-9ACC-9AB9D860F71D}.Release|Any CPU.ActiveCfg = Release|Any CPU
		{FB05652D-AACF-4BFD-9ACC-9AB9D860F71D}.Release|Any CPU.Build.0 = Release|Any CPU
		{9605B4B8-0A34-BDE4-CFD2-F49073E3B9EF}.Debug|Any CPU.ActiveCfg = Debug|Any CPU
		{9605B4B8-0A34-BDE4-CFD2-F49073E3B9EF}.Debug|Any CPU.Build.0 = Debug|Any CPU
		{9605B4B8-0A34-BDE4-CFD2-F49073E3B9EF}.Release|Any CPU.ActiveCfg = Release|Any CPU
		{9605B4B8-0A34-BDE4-CFD2-F49073E3B9EF}.Release|Any CPU.Build.0 = Release|Any CPU
		{8758FBDB-9295-0DA5-31B6-DA01667F06FB}.Debug|Any CPU.ActiveCfg = Debug|Any CPU
		{8758FBDB-9295-0DA5-31B6-DA01667F06FB}.Debug|Any CPU.Build.0 = Debug|Any CPU
		{8758FBDB-9295-0DA5-31B6-DA01667F06FB}.Release|Any CPU.ActiveCfg = Release|Any CPU
		{8758FBDB-9295-0DA5-31B6-DA01667F06FB}.Release|Any CPU.Build.0 = Release|Any CPU
		{354742A8-A244-4C85-ADB6-212F7CE9117E}.Debug|Any CPU.ActiveCfg = Debug|Any CPU
		{354742A8-A244-4C85-ADB6-212F7CE9117E}.Debug|Any CPU.Build.0 = Debug|Any CPU
		{354742A8-A244-4C85-ADB6-212F7CE9117E}.Release|Any CPU.ActiveCfg = Release|Any CPU
		{354742A8-A244-4C85-ADB6-212F7CE9117E}.Release|Any CPU.Build.0 = Release|Any CPU
		{6B162DF2-7F45-44D8-A497-9178E3622FA9}.Debug|Any CPU.ActiveCfg = Debug|Any CPU
		{6B162DF2-7F45-44D8-A497-9178E3622FA9}.Debug|Any CPU.Build.0 = Debug|Any CPU
		{6B162DF2-7F45-44D8-A497-9178E3622FA9}.Release|Any CPU.ActiveCfg = Release|Any CPU
		{6B162DF2-7F45-44D8-A497-9178E3622FA9}.Release|Any CPU.Build.0 = Release|Any CPU
		{FB9FF070-45E6-496A-B14B-7564E0C8C56E}.Debug|Any CPU.ActiveCfg = Debug|Any CPU
		{FB9FF070-45E6-496A-B14B-7564E0C8C56E}.Debug|Any CPU.Build.0 = Debug|Any CPU
		{FB9FF070-45E6-496A-B14B-7564E0C8C56E}.Release|Any CPU.ActiveCfg = Release|Any CPU
		{FB9FF070-45E6-496A-B14B-7564E0C8C56E}.Release|Any CPU.Build.0 = Release|Any CPU
		{6371393D-604D-42D2-B3A6-6360508FCC2D}.Debug|Any CPU.ActiveCfg = Debug|Any CPU
		{6371393D-604D-42D2-B3A6-6360508FCC2D}.Debug|Any CPU.Build.0 = Debug|Any CPU
		{6371393D-604D-42D2-B3A6-6360508FCC2D}.Release|Any CPU.ActiveCfg = Release|Any CPU
		{6371393D-604D-42D2-B3A6-6360508FCC2D}.Release|Any CPU.Build.0 = Release|Any CPU
		{CB07AAE2-CB0F-40C0-BB14-347142B8625C}.Debug|Any CPU.ActiveCfg = Debug|Any CPU
		{CB07AAE2-CB0F-40C0-BB14-347142B8625C}.Debug|Any CPU.Build.0 = Debug|Any CPU
		{CB07AAE2-CB0F-40C0-BB14-347142B8625C}.Release|Any CPU.ActiveCfg = Release|Any CPU
		{CB07AAE2-CB0F-40C0-BB14-347142B8625C}.Release|Any CPU.Build.0 = Release|Any CPU
		{CBA723A4-A6C0-4CE5-9160-4B4F3F2CCAB6}.Debug|Any CPU.ActiveCfg = Debug|Any CPU
		{CBA723A4-A6C0-4CE5-9160-4B4F3F2CCAB6}.Debug|Any CPU.Build.0 = Debug|Any CPU
		{CBA723A4-A6C0-4CE5-9160-4B4F3F2CCAB6}.Release|Any CPU.ActiveCfg = Release|Any CPU
		{CBA723A4-A6C0-4CE5-9160-4B4F3F2CCAB6}.Release|Any CPU.Build.0 = Release|Any CPU
		{BA3B5C5E-D6A4-39ED-6760-036CDB62E249}.Debug|Any CPU.ActiveCfg = Debug|Any CPU
		{BA3B5C5E-D6A4-39ED-6760-036CDB62E249}.Debug|Any CPU.Build.0 = Debug|Any CPU
		{BA3B5C5E-D6A4-39ED-6760-036CDB62E249}.Release|Any CPU.ActiveCfg = Release|Any CPU
		{BA3B5C5E-D6A4-39ED-6760-036CDB62E249}.Release|Any CPU.Build.0 = Release|Any CPU
		{37737B74-EDC5-40D1-81F1-6F474DCD1E18}.Debug|Any CPU.ActiveCfg = Debug|Any CPU
		{37737B74-EDC5-40D1-81F1-6F474DCD1E18}.Debug|Any CPU.Build.0 = Debug|Any CPU
		{37737B74-EDC5-40D1-81F1-6F474DCD1E18}.Release|Any CPU.ActiveCfg = Release|Any CPU
		{37737B74-EDC5-40D1-81F1-6F474DCD1E18}.Release|Any CPU.Build.0 = Release|Any CPU
		{A2F96CCC-B005-40D3-A8AA-93E30A60784C}.Debug|Any CPU.ActiveCfg = Debug|Any CPU
		{A2F96CCC-B005-40D3-A8AA-93E30A60784C}.Debug|Any CPU.Build.0 = Debug|Any CPU
		{A2F96CCC-B005-40D3-A8AA-93E30A60784C}.Release|Any CPU.ActiveCfg = Release|Any CPU
		{A2F96CCC-B005-40D3-A8AA-93E30A60784C}.Release|Any CPU.Build.0 = Release|Any CPU
		{6EF7678A-A725-F430-3097-30F090C0100A}.Debug|Any CPU.ActiveCfg = Debug|Any CPU
		{6EF7678A-A725-F430-3097-30F090C0100A}.Debug|Any CPU.Build.0 = Debug|Any CPU
		{6EF7678A-A725-F430-3097-30F090C0100A}.Release|Any CPU.ActiveCfg = Release|Any CPU
		{6EF7678A-A725-F430-3097-30F090C0100A}.Release|Any CPU.Build.0 = Release|Any CPU
		{010D0C11-D6A2-3CA6-3281-4E0FD547EC2D}.Debug|Any CPU.ActiveCfg = Debug|Any CPU
		{010D0C11-D6A2-3CA6-3281-4E0FD547EC2D}.Debug|Any CPU.Build.0 = Debug|Any CPU
		{010D0C11-D6A2-3CA6-3281-4E0FD547EC2D}.Release|Any CPU.ActiveCfg = Release|Any CPU
		{010D0C11-D6A2-3CA6-3281-4E0FD547EC2D}.Release|Any CPU.Build.0 = Release|Any CPU
		{6B3B9331-BC06-434E-AB64-849EAA919752}.Debug|Any CPU.ActiveCfg = Debug|Any CPU
		{6B3B9331-BC06-434E-AB64-849EAA919752}.Debug|Any CPU.Build.0 = Debug|Any CPU
		{6B3B9331-BC06-434E-AB64-849EAA919752}.Release|Any CPU.ActiveCfg = Release|Any CPU
		{6B3B9331-BC06-434E-AB64-849EAA919752}.Release|Any CPU.Build.0 = Release|Any CPU
		{256B0890-D4F7-4FCD-8D40-4DAA3AA675F6}.Debug|Any CPU.ActiveCfg = Debug|Any CPU
		{256B0890-D4F7-4FCD-8D40-4DAA3AA675F6}.Debug|Any CPU.Build.0 = Debug|Any CPU
		{256B0890-D4F7-4FCD-8D40-4DAA3AA675F6}.Release|Any CPU.ActiveCfg = Release|Any CPU
		{256B0890-D4F7-4FCD-8D40-4DAA3AA675F6}.Release|Any CPU.Build.0 = Release|Any CPU
		{52442FBF-AB1E-12BC-8344-0695887AC3CB}.Debug|Any CPU.ActiveCfg = Debug|Any CPU
		{52442FBF-AB1E-12BC-8344-0695887AC3CB}.Debug|Any CPU.Build.0 = Debug|Any CPU
		{52442FBF-AB1E-12BC-8344-0695887AC3CB}.Release|Any CPU.ActiveCfg = Release|Any CPU
		{52442FBF-AB1E-12BC-8344-0695887AC3CB}.Release|Any CPU.Build.0 = Release|Any CPU
		{13EA441B-E72F-5CA2-D5D4-B3F52139D7CF}.Debug|Any CPU.ActiveCfg = Debug|Any CPU
		{13EA441B-E72F-5CA2-D5D4-B3F52139D7CF}.Debug|Any CPU.Build.0 = Debug|Any CPU
		{13EA441B-E72F-5CA2-D5D4-B3F52139D7CF}.Release|Any CPU.ActiveCfg = Release|Any CPU
		{13EA441B-E72F-5CA2-D5D4-B3F52139D7CF}.Release|Any CPU.Build.0 = Release|Any CPU
		{28637CCF-7C27-4B02-AF3C-E74A4D68429E}.Debug|Any CPU.ActiveCfg = Debug|Any CPU
		{28637CCF-7C27-4B02-AF3C-E74A4D68429E}.Debug|Any CPU.Build.0 = Debug|Any CPU
		{28637CCF-7C27-4B02-AF3C-E74A4D68429E}.Release|Any CPU.ActiveCfg = Release|Any CPU
		{28637CCF-7C27-4B02-AF3C-E74A4D68429E}.Release|Any CPU.Build.0 = Release|Any CPU
		{432493A5-7466-42A9-A49F-10C298157946}.Debug|Any CPU.ActiveCfg = Debug|Any CPU
		{432493A5-7466-42A9-A49F-10C298157946}.Debug|Any CPU.Build.0 = Debug|Any CPU
		{432493A5-7466-42A9-A49F-10C298157946}.Release|Any CPU.ActiveCfg = Release|Any CPU
		{432493A5-7466-42A9-A49F-10C298157946}.Release|Any CPU.Build.0 = Release|Any CPU
		{34A75D31-2719-4CAB-933D-3393152B9B24}.Debug|Any CPU.ActiveCfg = Debug|Any CPU
		{34A75D31-2719-4CAB-933D-3393152B9B24}.Debug|Any CPU.Build.0 = Debug|Any CPU
		{34A75D31-2719-4CAB-933D-3393152B9B24}.Release|Any CPU.ActiveCfg = Release|Any CPU
		{34A75D31-2719-4CAB-933D-3393152B9B24}.Release|Any CPU.Build.0 = Release|Any CPU
		{F01C3B69-9D05-4BEF-26EB-57BAD926097B}.Debug|Any CPU.ActiveCfg = Debug|Any CPU
		{F01C3B69-9D05-4BEF-26EB-57BAD926097B}.Debug|Any CPU.Build.0 = Debug|Any CPU
		{F01C3B69-9D05-4BEF-26EB-57BAD926097B}.Release|Any CPU.ActiveCfg = Release|Any CPU
		{F01C3B69-9D05-4BEF-26EB-57BAD926097B}.Release|Any CPU.Build.0 = Release|Any CPU
		{414DFFD5-4A0F-DD91-933A-D9585859A325}.Debug|Any CPU.ActiveCfg = Debug|Any CPU
		{414DFFD5-4A0F-DD91-933A-D9585859A325}.Debug|Any CPU.Build.0 = Debug|Any CPU
		{414DFFD5-4A0F-DD91-933A-D9585859A325}.Release|Any CPU.ActiveCfg = Release|Any CPU
		{414DFFD5-4A0F-DD91-933A-D9585859A325}.Release|Any CPU.Build.0 = Release|Any CPU
		{D72AFCCF-94DB-40DE-8535-741EBA7CD965}.Debug|Any CPU.ActiveCfg = Debug|Any CPU
		{D72AFCCF-94DB-40DE-8535-741EBA7CD965}.Debug|Any CPU.Build.0 = Debug|Any CPU
		{D72AFCCF-94DB-40DE-8535-741EBA7CD965}.Release|Any CPU.ActiveCfg = Release|Any CPU
		{D72AFCCF-94DB-40DE-8535-741EBA7CD965}.Release|Any CPU.Build.0 = Release|Any CPU
		{9608EA59-F685-4E76-90E7-7AE21165518D}.Debug|Any CPU.ActiveCfg = Debug|Any CPU
		{9608EA59-F685-4E76-90E7-7AE21165518D}.Debug|Any CPU.Build.0 = Debug|Any CPU
		{9608EA59-F685-4E76-90E7-7AE21165518D}.Release|Any CPU.ActiveCfg = Release|Any CPU
		{9608EA59-F685-4E76-90E7-7AE21165518D}.Release|Any CPU.Build.0 = Release|Any CPU
		{5503566A-67F4-4D5E-9268-A54E12E6BA4E}.Debug|Any CPU.ActiveCfg = Debug|Any CPU
		{5503566A-67F4-4D5E-9268-A54E12E6BA4E}.Debug|Any CPU.Build.0 = Debug|Any CPU
		{5503566A-67F4-4D5E-9268-A54E12E6BA4E}.Release|Any CPU.ActiveCfg = Release|Any CPU
		{5503566A-67F4-4D5E-9268-A54E12E6BA4E}.Release|Any CPU.Build.0 = Release|Any CPU
		{C46C4C88-16C6-4FB6-A446-8CCAF0C4F546}.Debug|Any CPU.ActiveCfg = Debug|Any CPU
		{C46C4C88-16C6-4FB6-A446-8CCAF0C4F546}.Debug|Any CPU.Build.0 = Debug|Any CPU
		{C46C4C88-16C6-4FB6-A446-8CCAF0C4F546}.Release|Any CPU.ActiveCfg = Release|Any CPU
		{C46C4C88-16C6-4FB6-A446-8CCAF0C4F546}.Release|Any CPU.Build.0 = Release|Any CPU
		{86D4EEB8-7B31-4D57-9058-444A118AA8E5}.Debug|Any CPU.ActiveCfg = Debug|Any CPU
		{86D4EEB8-7B31-4D57-9058-444A118AA8E5}.Debug|Any CPU.Build.0 = Debug|Any CPU
		{86D4EEB8-7B31-4D57-9058-444A118AA8E5}.Release|Any CPU.ActiveCfg = Release|Any CPU
		{86D4EEB8-7B31-4D57-9058-444A118AA8E5}.Release|Any CPU.Build.0 = Release|Any CPU
		{45FA6DD6-2882-4DC7-AA75-B8448C5D0490}.Debug|Any CPU.ActiveCfg = Debug|Any CPU
		{45FA6DD6-2882-4DC7-AA75-B8448C5D0490}.Debug|Any CPU.Build.0 = Debug|Any CPU
		{45FA6DD6-2882-4DC7-AA75-B8448C5D0490}.Release|Any CPU.ActiveCfg = Release|Any CPU
		{45FA6DD6-2882-4DC7-AA75-B8448C5D0490}.Release|Any CPU.Build.0 = Release|Any CPU
		{55FBF8FF-0C65-472E-9B2D-0EFFC7F9FF5A}.Debug|Any CPU.ActiveCfg = Debug|Any CPU
		{55FBF8FF-0C65-472E-9B2D-0EFFC7F9FF5A}.Debug|Any CPU.Build.0 = Debug|Any CPU
		{55FBF8FF-0C65-472E-9B2D-0EFFC7F9FF5A}.Release|Any CPU.ActiveCfg = Release|Any CPU
		{55FBF8FF-0C65-472E-9B2D-0EFFC7F9FF5A}.Release|Any CPU.Build.0 = Release|Any CPU
		{DF01D0C7-6220-49A8-AFB9-839E166FADCB}.Debug|Any CPU.ActiveCfg = Debug|Any CPU
		{DF01D0C7-6220-49A8-AFB9-839E166FADCB}.Debug|Any CPU.Build.0 = Debug|Any CPU
		{DF01D0C7-6220-49A8-AFB9-839E166FADCB}.Release|Any CPU.ActiveCfg = Release|Any CPU
		{DF01D0C7-6220-49A8-AFB9-839E166FADCB}.Release|Any CPU.Build.0 = Release|Any CPU
		{1F41F3C0-6929-45F8-989E-12F935DED92E}.Debug|Any CPU.ActiveCfg = Debug|Any CPU
		{1F41F3C0-6929-45F8-989E-12F935DED92E}.Debug|Any CPU.Build.0 = Debug|Any CPU
		{1F41F3C0-6929-45F8-989E-12F935DED92E}.Release|Any CPU.ActiveCfg = Release|Any CPU
		{1F41F3C0-6929-45F8-989E-12F935DED92E}.Release|Any CPU.Build.0 = Release|Any CPU
		{495A8FDB-B92C-43EA-807B-12648C6AD4DF}.Debug|Any CPU.ActiveCfg = Debug|Any CPU
		{495A8FDB-B92C-43EA-807B-12648C6AD4DF}.Debug|Any CPU.Build.0 = Debug|Any CPU
		{495A8FDB-B92C-43EA-807B-12648C6AD4DF}.Release|Any CPU.ActiveCfg = Release|Any CPU
		{495A8FDB-B92C-43EA-807B-12648C6AD4DF}.Release|Any CPU.Build.0 = Release|Any CPU
		{9BE17292-C49B-4D93-BDAF-1C11DF1B07C4}.Debug|Any CPU.ActiveCfg = Debug|Any CPU
		{9BE17292-C49B-4D93-BDAF-1C11DF1B07C4}.Debug|Any CPU.Build.0 = Debug|Any CPU
		{9BE17292-C49B-4D93-BDAF-1C11DF1B07C4}.Release|Any CPU.ActiveCfg = Release|Any CPU
		{9BE17292-C49B-4D93-BDAF-1C11DF1B07C4}.Release|Any CPU.Build.0 = Release|Any CPU
		{78E5F81A-C4D5-450E-BCE6-C2649BF375D9}.Debug|Any CPU.ActiveCfg = Debug|Any CPU
		{78E5F81A-C4D5-450E-BCE6-C2649BF375D9}.Debug|Any CPU.Build.0 = Debug|Any CPU
		{78E5F81A-C4D5-450E-BCE6-C2649BF375D9}.Release|Any CPU.ActiveCfg = Release|Any CPU
		{78E5F81A-C4D5-450E-BCE6-C2649BF375D9}.Release|Any CPU.Build.0 = Release|Any CPU
		{C36D5A7E-CD6F-4F0E-8AC9-353DD2FC2EEC}.Debug|Any CPU.ActiveCfg = Debug|Any CPU
		{C36D5A7E-CD6F-4F0E-8AC9-353DD2FC2EEC}.Debug|Any CPU.Build.0 = Debug|Any CPU
		{C36D5A7E-CD6F-4F0E-8AC9-353DD2FC2EEC}.Release|Any CPU.ActiveCfg = Release|Any CPU
		{C36D5A7E-CD6F-4F0E-8AC9-353DD2FC2EEC}.Release|Any CPU.Build.0 = Release|Any CPU
		{27EBA964-4EC7-43B1-BD18-47764F7D164B}.Debug|Any CPU.ActiveCfg = Debug|Any CPU
		{27EBA964-4EC7-43B1-BD18-47764F7D164B}.Debug|Any CPU.Build.0 = Debug|Any CPU
		{27EBA964-4EC7-43B1-BD18-47764F7D164B}.Release|Any CPU.ActiveCfg = Release|Any CPU
		{27EBA964-4EC7-43B1-BD18-47764F7D164B}.Release|Any CPU.Build.0 = Release|Any CPU
		{7F84A1FC-2EDB-48B8-8D1E-7979CF488B89}.Debug|Any CPU.ActiveCfg = Debug|Any CPU
		{7F84A1FC-2EDB-48B8-8D1E-7979CF488B89}.Debug|Any CPU.Build.0 = Debug|Any CPU
		{7F84A1FC-2EDB-48B8-8D1E-7979CF488B89}.Release|Any CPU.ActiveCfg = Release|Any CPU
		{7F84A1FC-2EDB-48B8-8D1E-7979CF488B89}.Release|Any CPU.Build.0 = Release|Any CPU
		{B503527B-9B63-4B04-AC77-4A40230C55C8}.Debug|Any CPU.ActiveCfg = Debug|Any CPU
		{B503527B-9B63-4B04-AC77-4A40230C55C8}.Debug|Any CPU.Build.0 = Debug|Any CPU
		{B503527B-9B63-4B04-AC77-4A40230C55C8}.Release|Any CPU.ActiveCfg = Release|Any CPU
		{B503527B-9B63-4B04-AC77-4A40230C55C8}.Release|Any CPU.Build.0 = Release|Any CPU
		{3A6E94FB-419A-49CA-8E9A-7E3BA6FCD25D}.Debug|Any CPU.ActiveCfg = Debug|Any CPU
		{3A6E94FB-419A-49CA-8E9A-7E3BA6FCD25D}.Debug|Any CPU.Build.0 = Debug|Any CPU
		{3A6E94FB-419A-49CA-8E9A-7E3BA6FCD25D}.Release|Any CPU.ActiveCfg = Release|Any CPU
		{3A6E94FB-419A-49CA-8E9A-7E3BA6FCD25D}.Release|Any CPU.Build.0 = Release|Any CPU
		{252B6C1D-F5BB-4DB5-9A76-60CB2D108EBF}.Debug|Any CPU.ActiveCfg = Debug|Any CPU
		{252B6C1D-F5BB-4DB5-9A76-60CB2D108EBF}.Debug|Any CPU.Build.0 = Debug|Any CPU
		{252B6C1D-F5BB-4DB5-9A76-60CB2D108EBF}.Release|Any CPU.ActiveCfg = Release|Any CPU
		{252B6C1D-F5BB-4DB5-9A76-60CB2D108EBF}.Release|Any CPU.Build.0 = Release|Any CPU
		{9569092F-4418-7D00-ED42-765FE98B80B4}.Debug|Any CPU.ActiveCfg = Debug|Any CPU
		{9569092F-4418-7D00-ED42-765FE98B80B4}.Debug|Any CPU.Build.0 = Debug|Any CPU
		{9569092F-4418-7D00-ED42-765FE98B80B4}.Release|Any CPU.ActiveCfg = Release|Any CPU
		{9569092F-4418-7D00-ED42-765FE98B80B4}.Release|Any CPU.Build.0 = Release|Any CPU
		{684C08D8-E569-DF97-4C0E-C7EC3D95E69C}.Debug|Any CPU.ActiveCfg = Debug|Any CPU
		{684C08D8-E569-DF97-4C0E-C7EC3D95E69C}.Debug|Any CPU.Build.0 = Debug|Any CPU
		{684C08D8-E569-DF97-4C0E-C7EC3D95E69C}.Release|Any CPU.ActiveCfg = Release|Any CPU
		{684C08D8-E569-DF97-4C0E-C7EC3D95E69C}.Release|Any CPU.Build.0 = Release|Any CPU
		{FEC3CDC5-F92B-490E-BC67-91CBC3794C24}.Debug|Any CPU.ActiveCfg = Debug|Any CPU
		{FEC3CDC5-F92B-490E-BC67-91CBC3794C24}.Debug|Any CPU.Build.0 = Debug|Any CPU
		{FEC3CDC5-F92B-490E-BC67-91CBC3794C24}.Release|Any CPU.ActiveCfg = Release|Any CPU
		{FEC3CDC5-F92B-490E-BC67-91CBC3794C24}.Release|Any CPU.Build.0 = Release|Any CPU
		{9F90A9A2-657F-4897-9C5F-79D08598693C}.Debug|Any CPU.ActiveCfg = Debug|Any CPU
		{9F90A9A2-657F-4897-9C5F-79D08598693C}.Debug|Any CPU.Build.0 = Debug|Any CPU
		{9F90A9A2-657F-4897-9C5F-79D08598693C}.Release|Any CPU.ActiveCfg = Release|Any CPU
		{9F90A9A2-657F-4897-9C5F-79D08598693C}.Release|Any CPU.Build.0 = Release|Any CPU
		{687BD1D5-C977-4021-8DCF-0D44B3E03924}.Debug|Any CPU.ActiveCfg = Debug|Any CPU
		{687BD1D5-C977-4021-8DCF-0D44B3E03924}.Debug|Any CPU.Build.0 = Debug|Any CPU
		{687BD1D5-C977-4021-8DCF-0D44B3E03924}.Release|Any CPU.ActiveCfg = Release|Any CPU
		{687BD1D5-C977-4021-8DCF-0D44B3E03924}.Release|Any CPU.Build.0 = Release|Any CPU
		{6BDF5CD4-DAC2-4FFF-A759-9724D833832D}.Debug|Any CPU.ActiveCfg = Debug|Any CPU
		{6BDF5CD4-DAC2-4FFF-A759-9724D833832D}.Debug|Any CPU.Build.0 = Debug|Any CPU
		{6BDF5CD4-DAC2-4FFF-A759-9724D833832D}.Release|Any CPU.ActiveCfg = Release|Any CPU
		{6BDF5CD4-DAC2-4FFF-A759-9724D833832D}.Release|Any CPU.Build.0 = Release|Any CPU
		{384A653B-2903-4E99-9F2D-F3CC90E11A87}.Debug|Any CPU.ActiveCfg = Debug|Any CPU
		{384A653B-2903-4E99-9F2D-F3CC90E11A87}.Debug|Any CPU.Build.0 = Debug|Any CPU
		{384A653B-2903-4E99-9F2D-F3CC90E11A87}.Release|Any CPU.ActiveCfg = Release|Any CPU
		{384A653B-2903-4E99-9F2D-F3CC90E11A87}.Release|Any CPU.Build.0 = Release|Any CPU
		{7B6096D3-B7A4-481A-A32B-2F31FC68ABAB}.Debug|Any CPU.ActiveCfg = Debug|Any CPU
		{7B6096D3-B7A4-481A-A32B-2F31FC68ABAB}.Debug|Any CPU.Build.0 = Debug|Any CPU
		{7B6096D3-B7A4-481A-A32B-2F31FC68ABAB}.Release|Any CPU.ActiveCfg = Release|Any CPU
		{7B6096D3-B7A4-481A-A32B-2F31FC68ABAB}.Release|Any CPU.Build.0 = Release|Any CPU
		{25B0EA8B-23EB-4FBE-B058-8379A134D679}.Debug|Any CPU.ActiveCfg = Debug|Any CPU
		{25B0EA8B-23EB-4FBE-B058-8379A134D679}.Debug|Any CPU.Build.0 = Debug|Any CPU
		{25B0EA8B-23EB-4FBE-B058-8379A134D679}.Release|Any CPU.ActiveCfg = Release|Any CPU
		{25B0EA8B-23EB-4FBE-B058-8379A134D679}.Release|Any CPU.Build.0 = Release|Any CPU
		{9B0B3454-C417-4A56-BF85-AFB40F96B0BA}.Debug|Any CPU.ActiveCfg = Debug|Any CPU
		{9B0B3454-C417-4A56-BF85-AFB40F96B0BA}.Debug|Any CPU.Build.0 = Debug|Any CPU
		{9B0B3454-C417-4A56-BF85-AFB40F96B0BA}.Release|Any CPU.ActiveCfg = Release|Any CPU
		{9B0B3454-C417-4A56-BF85-AFB40F96B0BA}.Release|Any CPU.Build.0 = Release|Any CPU
		{F7B79A8F-085F-41EF-BF76-1AF4A078D768}.Debug|Any CPU.ActiveCfg = Debug|Any CPU
		{F7B79A8F-085F-41EF-BF76-1AF4A078D768}.Debug|Any CPU.Build.0 = Debug|Any CPU
		{F7B79A8F-085F-41EF-BF76-1AF4A078D768}.Release|Any CPU.ActiveCfg = Release|Any CPU
		{F7B79A8F-085F-41EF-BF76-1AF4A078D768}.Release|Any CPU.Build.0 = Release|Any CPU
		{E131031D-42C8-4BB1-B111-C17AD8AB435F}.Debug|Any CPU.ActiveCfg = Debug|Any CPU
		{E131031D-42C8-4BB1-B111-C17AD8AB435F}.Debug|Any CPU.Build.0 = Debug|Any CPU
		{E131031D-42C8-4BB1-B111-C17AD8AB435F}.Release|Any CPU.ActiveCfg = Release|Any CPU
		{E131031D-42C8-4BB1-B111-C17AD8AB435F}.Release|Any CPU.Build.0 = Release|Any CPU
		{32A6A7A1-8B05-4A14-BB52-B5164D20D27D}.Debug|Any CPU.ActiveCfg = Debug|Any CPU
		{32A6A7A1-8B05-4A14-BB52-B5164D20D27D}.Debug|Any CPU.Build.0 = Debug|Any CPU
		{32A6A7A1-8B05-4A14-BB52-B5164D20D27D}.Release|Any CPU.ActiveCfg = Release|Any CPU
		{32A6A7A1-8B05-4A14-BB52-B5164D20D27D}.Release|Any CPU.Build.0 = Release|Any CPU
		{6E8F0AA4-488D-4FC8-BEC8-8AD9D7224D5A}.Debug|Any CPU.ActiveCfg = Debug|Any CPU
		{6E8F0AA4-488D-4FC8-BEC8-8AD9D7224D5A}.Debug|Any CPU.Build.0 = Debug|Any CPU
		{6E8F0AA4-488D-4FC8-BEC8-8AD9D7224D5A}.Release|Any CPU.ActiveCfg = Release|Any CPU
		{6E8F0AA4-488D-4FC8-BEC8-8AD9D7224D5A}.Release|Any CPU.Build.0 = Release|Any CPU
		{CDD1BCA2-9A44-4711-8417-A7DE7993431C}.Debug|Any CPU.ActiveCfg = Debug|Any CPU
		{CDD1BCA2-9A44-4711-8417-A7DE7993431C}.Debug|Any CPU.Build.0 = Debug|Any CPU
		{CDD1BCA2-9A44-4711-8417-A7DE7993431C}.Release|Any CPU.ActiveCfg = Release|Any CPU
		{CDD1BCA2-9A44-4711-8417-A7DE7993431C}.Release|Any CPU.Build.0 = Release|Any CPU
		{9BA78DBC-F612-4719-97D4-6CF44B85149C}.Debug|Any CPU.ActiveCfg = Debug|Any CPU
		{9BA78DBC-F612-4719-97D4-6CF44B85149C}.Debug|Any CPU.Build.0 = Debug|Any CPU
		{9BA78DBC-F612-4719-97D4-6CF44B85149C}.Release|Any CPU.ActiveCfg = Release|Any CPU
		{9BA78DBC-F612-4719-97D4-6CF44B85149C}.Release|Any CPU.Build.0 = Release|Any CPU
	EndGlobalSection
	GlobalSection(SolutionProperties) = preSolution
		HideSolutionNode = FALSE
	EndGlobalSection
	GlobalSection(NestedProjects) = preSolution
		{08EB4F9E-70DE-4770-8FA0-664AA850C61D} = {DDB4EF12-CC4E-5E88-E6FC-71A802F4DE97}
		{5BCAA809-85F2-4EB1-9F14-9FFF71E93E33} = {8634FA63-4E55-4584-AE4C-00CC81986FD9}
		{399F5D2D-C25F-4627-A52D-C0EBF982DACB} = {AADD6DF4-8C4F-4EDD-83D9-125F664771D4}
		{B9B37F69-B163-480B-A556-1C8DCF0D7C78} = {399F5D2D-C25F-4627-A52D-C0EBF982DACB}
		{8634FA63-4E55-4584-AE4C-00CC81986FD9} = {AADD6DF4-8C4F-4EDD-83D9-125F664771D4}
		{55DF7505-CCCF-4CC1-B8F3-2FF78976770E} = {11DBD4E5-79F2-4D67-BD58-1632EA17F411}
		{CE0C9693-6732-45C3-93CC-2EBFBEAC1DBF} = {11DBD4E5-79F2-4D67-BD58-1632EA17F411}
		{9494AFE8-C563-4F53-9385-A75608B79728} = {AADD6DF4-8C4F-4EDD-83D9-125F664771D4}
		{CB1F3D5C-457D-432B-BA2C-B87808F6D7B4} = {9494AFE8-C563-4F53-9385-A75608B79728}
		{693839EE-E3BC-4991-A5B5-84B1BB9A95E6} = {399F5D2D-C25F-4627-A52D-C0EBF982DACB}
		{244CE9C9-BF96-4393-AA5C-4963CAFD6A3F} = {1D01ACAA-FC75-4DAC-9B37-09AC1CD93FEF}
		{FE030422-0A77-4388-82EF-E9D23C786FB8} = {1D01ACAA-FC75-4DAC-9B37-09AC1CD93FEF}
		{9661600F-9E2E-EC39-AFA2-64DBC15CE967} = {FE030422-0A77-4388-82EF-E9D23C786FB8}
		{E09CBDAC-F05E-4D72-97AB-7905DA44BF97} = {FE030422-0A77-4388-82EF-E9D23C786FB8}
		{7F9B267E-0E99-4ED6-A773-151F25348BDD} = {78DF8F13-010E-484C-9766-CB7E62C2513B}
		{86223FCB-E56C-3780-2F73-26C228CA57B7} = {1D01ACAA-FC75-4DAC-9B37-09AC1CD93FEF}
		{13AE4DAF-DF79-4230-A5AC-A557892D014C} = {78DF8F13-010E-484C-9766-CB7E62C2513B}
		{1D4A637E-95CA-4D30-A78F-82E75497E630} = {13AE4DAF-DF79-4230-A5AC-A557892D014C}
		{2F7B99E1-93DE-4F77-8036-ACCEEA9626BA} = {13AE4DAF-DF79-4230-A5AC-A557892D014C}
		{CE88A9A6-AA2A-4CE9-B1E8-24DE4D221FFC} = {5E0028D2-6E7B-4BEC-B86E-6D5D16690B5E}
		{92A17852-068D-4AB1-A221-D184220F1758} = {7650D037-193C-4547-978A-355DF88BAC4C}
		{918318AB-E6A7-4148-B2BC-C9D8FBBFF918} = {92A17852-068D-4AB1-A221-D184220F1758}
		{784AC071-A74F-4EE5-888F-A00704B2335D} = {918318AB-E6A7-4148-B2BC-C9D8FBBFF918}
		{84EB0AD4-2229-40C0-9F52-6A1AF209C747} = {92A17852-068D-4AB1-A221-D184220F1758}
		{EFE33478-0E74-4C98-9CCC-290650E18F9E} = {92A17852-068D-4AB1-A221-D184220F1758}
		{02AFDF9A-E95A-40AC-A2D4-74E029332335} = {918318AB-E6A7-4148-B2BC-C9D8FBBFF918}
		{6AD5A5B9-7CD9-4610-BAF3-3ADD4A5B19A2} = {13170683-E158-41D5-9D72-A30A84EE5383}
		{DF9451CD-EE18-4158-A887-95624A1E7D20} = {13170683-E158-41D5-9D72-A30A84EE5383}
		{E4A5F8BE-2685-4A93-9AB4-067D7A54D4A9} = {DF9451CD-EE18-4158-A887-95624A1E7D20}
		{FB05652D-AACF-4BFD-9ACC-9AB9D860F71D} = {DF9451CD-EE18-4158-A887-95624A1E7D20}
		{9605B4B8-0A34-BDE4-CFD2-F49073E3B9EF} = {DF9451CD-EE18-4158-A887-95624A1E7D20}
		{8758FBDB-9295-0DA5-31B6-DA01667F06FB} = {DF9451CD-EE18-4158-A887-95624A1E7D20}
		{354742A8-A244-4C85-ADB6-212F7CE9117E} = {13170683-E158-41D5-9D72-A30A84EE5383}
		{9D703F88-2D7C-4D21-B55C-7E9F8D1BCE3E} = {0F9444C8-4AE1-45C1-A56A-25F831190DDF}
		{6B162DF2-7F45-44D8-A497-9178E3622FA9} = {0F9444C8-4AE1-45C1-A56A-25F831190DDF}
		{FB9FF070-45E6-496A-B14B-7564E0C8C56E} = {0F9444C8-4AE1-45C1-A56A-25F831190DDF}
		{6371393D-604D-42D2-B3A6-6360508FCC2D} = {9D703F88-2D7C-4D21-B55C-7E9F8D1BCE3E}
		{CB07AAE2-CB0F-40C0-BB14-347142B8625C} = {9D703F88-2D7C-4D21-B55C-7E9F8D1BCE3E}
		{15411666-DAD0-4FE8-9790-673E01C04425} = {7650D037-193C-4547-978A-355DF88BAC4C}
		{CBA723A4-A6C0-4CE5-9160-4B4F3F2CCAB6} = {15411666-DAD0-4FE8-9790-673E01C04425}
		{BA3B5C5E-D6A4-39ED-6760-036CDB62E249} = {7650D037-193C-4547-978A-355DF88BAC4C}
		{37737B74-EDC5-40D1-81F1-6F474DCD1E18} = {7650D037-193C-4547-978A-355DF88BAC4C}
		{A2F96CCC-B005-40D3-A8AA-93E30A60784C} = {15411666-DAD0-4FE8-9790-673E01C04425}
		{6EF7678A-A725-F430-3097-30F090C0100A} = {C6B37BED-F930-4819-9DEA-675E82E3A90B}
		{010D0C11-D6A2-3CA6-3281-4E0FD547EC2D} = {C6B37BED-F930-4819-9DEA-675E82E3A90B}
		{6B3B9331-BC06-434E-AB64-849EAA919752} = {17595B41-36CE-45CE-B054-27E33DD7DD08}
		{CA28CA9C-8DB3-4A64-A948-351128DF8FC9} = {17595B41-36CE-45CE-B054-27E33DD7DD08}
		{256B0890-D4F7-4FCD-8D40-4DAA3AA675F6} = {CA28CA9C-8DB3-4A64-A948-351128DF8FC9}
		{52442FBF-AB1E-12BC-8344-0695887AC3CB} = {CA28CA9C-8DB3-4A64-A948-351128DF8FC9}
		{13EA441B-E72F-5CA2-D5D4-B3F52139D7CF} = {CA28CA9C-8DB3-4A64-A948-351128DF8FC9}
		{28637CCF-7C27-4B02-AF3C-E74A4D68429E} = {11DBD4E5-79F2-4D67-BD58-1632EA17F411}
		{E6BA239A-6F98-44FF-BCDB-DE3D50535451} = {90225BCB-C654-4E0C-AF7F-F901C4A51F9D}
		{432493A5-7466-42A9-A49F-10C298157946} = {90225BCB-C654-4E0C-AF7F-F901C4A51F9D}
		{34A75D31-2719-4CAB-933D-3393152B9B24} = {E6BA239A-6F98-44FF-BCDB-DE3D50535451}
		{F01C3B69-9D05-4BEF-26EB-57BAD926097B} = {E6BA239A-6F98-44FF-BCDB-DE3D50535451}
		{414DFFD5-4A0F-DD91-933A-D9585859A325} = {E6BA239A-6F98-44FF-BCDB-DE3D50535451}
		{D72AFCCF-94DB-40DE-8535-741EBA7CD965} = {11DBD4E5-79F2-4D67-BD58-1632EA17F411}
		{9608EA59-F685-4E76-90E7-7AE21165518D} = {A412B6CC-1F23-4664-A537-CB054630BC44}
		{FB70779E-5140-4120-876F-4E73C0EC4E16} = {A412B6CC-1F23-4664-A537-CB054630BC44}
		{5503566A-67F4-4D5E-9268-A54E12E6BA4E} = {FB70779E-5140-4120-876F-4E73C0EC4E16}
		{C46C4C88-16C6-4FB6-A446-8CCAF0C4F546} = {FB70779E-5140-4120-876F-4E73C0EC4E16}
		{86D4EEB8-7B31-4D57-9058-444A118AA8E5} = {A412B6CC-1F23-4664-A537-CB054630BC44}
		{45FA6DD6-2882-4DC7-AA75-B8448C5D0490} = {FB70779E-5140-4120-876F-4E73C0EC4E16}
		{55FBF8FF-0C65-472E-9B2D-0EFFC7F9FF5A} = {A412B6CC-1F23-4664-A537-CB054630BC44}
		{DF01D0C7-6220-49A8-AFB9-839E166FADCB} = {FB70779E-5140-4120-876F-4E73C0EC4E16}
		{1F41F3C0-6929-45F8-989E-12F935DED92E} = {FB70779E-5140-4120-876F-4E73C0EC4E16}
		{495A8FDB-B92C-43EA-807B-12648C6AD4DF} = {76D8C849-F4CF-476E-8090-78FDEF248E1E}
		{9BE17292-C49B-4D93-BDAF-1C11DF1B07C4} = {76D8C849-F4CF-476E-8090-78FDEF248E1E}
		{78E5F81A-C4D5-450E-BCE6-C2649BF375D9} = {76D8C849-F4CF-476E-8090-78FDEF248E1E}
		{C36D5A7E-CD6F-4F0E-8AC9-353DD2FC2EEC} = {76D8C849-F4CF-476E-8090-78FDEF248E1E}
		{27EBA964-4EC7-43B1-BD18-47764F7D164B} = {76D8C849-F4CF-476E-8090-78FDEF248E1E}
		{7F84A1FC-2EDB-48B8-8D1E-7979CF488B89} = {76D8C849-F4CF-476E-8090-78FDEF248E1E}
		{B503527B-9B63-4B04-AC77-4A40230C55C8} = {76D8C849-F4CF-476E-8090-78FDEF248E1E}
		{3A6E94FB-419A-49CA-8E9A-7E3BA6FCD25D} = {AD9C9505-EC38-4331-AFD1-DCDEAAAE5474}
		{252B6C1D-F5BB-4DB5-9A76-60CB2D108EBF} = {AD9C9505-EC38-4331-AFD1-DCDEAAAE5474}
		{CC970851-959F-4FFE-A452-8BEFF3716E6C} = {1ED77A87-EB70-4B84-9236-A45CD3B77CEB}
		{9569092F-4418-7D00-ED42-765FE98B80B4} = {1ED77A87-EB70-4B84-9236-A45CD3B77CEB}
		{684C08D8-E569-DF97-4C0E-C7EC3D95E69C} = {CC970851-959F-4FFE-A452-8BEFF3716E6C}
		{FEC3CDC5-F92B-490E-BC67-91CBC3794C24} = {7B7A56F0-D964-4903-864B-26FBEEF93ABA}
		{FA7B0E15-736A-42E0-A9C3-A152D604EDE8} = {7B7A56F0-D964-4903-864B-26FBEEF93ABA}
		{9F90A9A2-657F-4897-9C5F-79D08598693C} = {FA7B0E15-736A-42E0-A9C3-A152D604EDE8}
		{687BD1D5-C977-4021-8DCF-0D44B3E03924} = {7B7A56F0-D964-4903-864B-26FBEEF93ABA}
		{6BDF5CD4-DAC2-4FFF-A759-9724D833832D} = {7B7A56F0-D964-4903-864B-26FBEEF93ABA}
		{384A653B-2903-4E99-9F2D-F3CC90E11A87} = {7B7A56F0-D964-4903-864B-26FBEEF93ABA}
		{DBA42C95-205B-4D71-A0A6-05FA8C269ED2} = {4D027A2B-9106-4CB5-A0B9-5E49EF53EEE6}
		{7B6096D3-B7A4-481A-A32B-2F31FC68ABAB} = {DBA42C95-205B-4D71-A0A6-05FA8C269ED2}
		{25B0EA8B-23EB-4FBE-B058-8379A134D679} = {DBA42C95-205B-4D71-A0A6-05FA8C269ED2}
		{9B0B3454-C417-4A56-BF85-AFB40F96B0BA} = {DBA42C95-205B-4D71-A0A6-05FA8C269ED2}
		{F7B79A8F-085F-41EF-BF76-1AF4A078D768} = {DBA42C95-205B-4D71-A0A6-05FA8C269ED2}
		{E131031D-42C8-4BB1-B111-C17AD8AB435F} = {1672C583-C452-437F-8341-70AF75F1C6F8}
		{98E895EC-20D2-4EEB-BE15-4F916F65D14A} = {1672C583-C452-437F-8341-70AF75F1C6F8}
		{32A6A7A1-8B05-4A14-BB52-B5164D20D27D} = {98E895EC-20D2-4EEB-BE15-4F916F65D14A}
		{6E8F0AA4-488D-4FC8-BEC8-8AD9D7224D5A} = {98E895EC-20D2-4EEB-BE15-4F916F65D14A}
		{4BB07A15-EBCC-40EE-94ED-2146E5E521E9} = {1672C583-C452-437F-8341-70AF75F1C6F8}
		{CDD1BCA2-9A44-4711-8417-A7DE7993431C} = {4BB07A15-EBCC-40EE-94ED-2146E5E521E9}
		{9BA78DBC-F612-4719-97D4-6CF44B85149C} = {98E895EC-20D2-4EEB-BE15-4F916F65D14A}
	EndGlobalSection
	GlobalSection(ExtensibilityGlobals) = postSolution
		SolutionGuid = {0D7F4F64-5EB5-458D-813A-32703022290F}
	EndGlobalSection
EndGlobal
